{
  "name": "visualizer",
  "lockfileVersion": 3,
  "requires": true,
  "packages": {
    "": {
      "dependencies": {
        "@jtarrio/webrtlsdr": "^2.0.3"
      }
    },
    "node_modules/@jtarrio/webrtlsdr": {
      "version": "2.0.3",
      "resolved": "https://registry.npmjs.org/@jtarrio/webrtlsdr/-/webrtlsdr-2.0.3.tgz",
      "integrity": "sha512-Yq7VmcLQ/X31UnOkjcptwqSqL9s7X/K/tev4amebuaIOOoLsTuXgHxCAKCRBmfLjR53L426kvA4JzFA2e8eT9A==",
      "license": "Apache-2.0",
      "dependencies": {
        "@types/w3c-web-usb": "^1.0.10"
      }
    },
    "node_modules/@types/w3c-web-usb": {
      "version": "1.0.12",
      "resolved": "https://registry.npmjs.org/@types/w3c-web-usb/-/w3c-web-usb-1.0.12.tgz",
      "integrity": "sha512-GD9XFhJZFtCbspsB3t1vD3SgkWVInIMoL1g1CcE0p3DD7abgLrQ2Ws22RS38CXPUCQXgyKjUAGKdy5d0CLT5jw==",
      "license": "MIT"
    }
  }
}
